
Microsoft Visual Studio Solution File, Format Version 12.00
# Visual Studio Version 16
VisualStudioVersion = 16.0.31327.30
MinimumVisualStudioVersion = 10.0.40219.1
Project("{9A19103F-16F7-4668-BE54-9A1E7A4F7556}") = "TrendsCalculator.Library", "TrendsCalculator.Library.csproj", "{37EE169F-0DB3-43A3-B400-C98A7DA39543}"
EndProject
Project("{2150E333-8FDC-42A3-9474-1A3956D46DE8}") = "Tests", "Tests", "{E857FD6D-BCEE-49CB-A25C-6E8F09E2BD34}"
EndProject
Project("{2150E333-8FDC-42A3-9474-1A3956D46DE8}") = "Client", "Client", "{061CACEA-E247-4C13-99AC-AC2F519087E7}"
EndProject
Project("{9A19103F-16F7-4668-BE54-9A1E7A4F7556}") = "TrendsCalculator.Client", "TrendsCalculator.Client\TrendsCalculator.Client.csproj", "{AC217D1C-D7AC-47D9-A6AE-BA69578DF596}"
EndProject
Project("{9A19103F-16F7-4668-BE54-9A1E7A4F7556}") = "TrendsCalculator.Test", "TrendsCalculator.Test\TrendsCalculator.Test.csproj", "{54A67F3F-5F3B-4F2B-9184-B5D3EDC38743}"
EndProject
Global
	GlobalSection(SolutionConfigurationPlatforms) = preSolution
		Debug|Any CPU = Debug|Any CPU
		Release|Any CPU = Release|Any CPU
	EndGlobalSection
	GlobalSection(ProjectConfigurationPlatforms) = postSolution
		{37EE169F-0DB3-43A3-B400-C98A7DA39543}.Debug|Any CPU.ActiveCfg = Debug|Any CPU
		{37EE169F-0DB3-43A3-B400-C98A7DA39543}.Debug|Any CPU.Build.0 = Debug|Any CPU
		{37EE169F-0DB3-43A3-B400-C98A7DA39543}.Release|Any CPU.ActiveCfg = Release|Any CPU
		{37EE169F-0DB3-43A3-B400-C98A7DA39543}.Release|Any CPU.Build.0 = Release|Any CPU
		{AC217D1C-D7AC-47D9-A6AE-BA69578DF596}.Debug|Any CPU.ActiveCfg = Debug|Any CPU
		{AC217D1C-D7AC-47D9-A6AE-BA69578DF596}.Debug|Any CPU.Build.0 = Debug|Any CPU
		{AC217D1C-D7AC-47D9-A6AE-BA69578DF596}.Release|Any CPU.ActiveCfg = Release|Any CPU
		{AC217D1C-D7AC-47D9-A6AE-BA69578DF596}.Release|Any CPU.Build.0 = Release|Any CPU
		{54A67F3F-5F3B-4F2B-9184-B5D3EDC38743}.Debug|Any CPU.ActiveCfg = Debug|Any CPU
		{54A67F3F-5F3B-4F2B-9184-B5D3EDC38743}.Debug|Any CPU.Build.0 = Debug|Any CPU
		{54A67F3F-5F3B-4F2B-9184-B5D3EDC38743}.Release|Any CPU.ActiveCfg = Release|Any CPU
		{54A67F3F-5F3B-4F2B-9184-B5D3EDC38743}.Release|Any CPU.Build.0 = Release|Any CPU
	EndGlobalSection
	GlobalSection(SolutionProperties) = preSolution
		HideSolutionNode = FALSE
	EndGlobalSection
	GlobalSection(NestedProjects) = preSolution
		{AC217D1C-D7AC-47D9-A6AE-BA69578DF596} = {061CACEA-E247-4C13-99AC-AC2F519087E7}
		{54A67F3F-5F3B-4F2B-9184-B5D3EDC38743} = {E857FD6D-BCEE-49CB-A25C-6E8F09E2BD34}
	EndGlobalSection
	GlobalSection(ExtensibilityGlobals) = postSolution
		SolutionGuid = {94026CBC-0902-4FC8-9903-C64730E56D00}
	EndGlobalSection
EndGlobal
