
Microsoft Visual Studio Solution File, Format Version 12.00
# Visual Studio Version 16
VisualStudioVersion = 16.0.31327.30
MinimumVisualStudioVersion = 10.0.40219.1
Project("{2150E333-8FDC-42A3-9474-1A3956D46DE8}") = "Tests", "Tests", "{E857FD6D-BCEE-49CB-A25C-6E8F09E2BD34}"
EndProject
Project("{2150E333-8FDC-42A3-9474-1A3956D46DE8}") = "Client", "Client", "{061CACEA-E247-4C13-99AC-AC2F519087E7}"
EndProject
Project("{2150E333-8FDC-42A3-9474-1A3956D46DE8}") = "Library", "Library", "{ED625A6C-F37C-4BD3-AFE3-0D427406FE80}"
EndProject
Project("{9A19103F-16F7-4668-BE54-9A1E7A4F7556}") = "TrendsCalculator.Library", "TrendsCalculator.Library\TrendsCalculator.Library.csproj", "{2282DF11-3125-4361-974F-70B2C9C153DB}"
EndProject
Project("{FAE04EC0-301F-11D3-BF4B-00C04F79EFBC}") = "TrendsCalculator.Client", "TrendsCalculator.Client\TrendsCalculator.Client\TrendsCalculator.Client.csproj", "{4FA680C9-09D2-41F1-92DE-C1EE6FAABDF6}"
EndProject
Project("{FAE04EC0-301F-11D3-BF4B-00C04F79EFBC}") = "TrendsCalculator.Test", "TrendsCalculator.Test\TrendsCalculator.Test\TrendsCalculator.Test.csproj", "{FDC06ACA-3423-4EBF-B5FA-036C2DE0EA10}"
EndProject
Global
	GlobalSection(SolutionConfigurationPlatforms) = preSolution
		Debug|Any CPU = Debug|Any CPU
		Release|Any CPU = Release|Any CPU
	EndGlobalSection
	GlobalSection(ProjectConfigurationPlatforms) = postSolution
		{2282DF11-3125-4361-974F-70B2C9C153DB}.Debug|Any CPU.ActiveCfg = Debug|Any CPU
		{2282DF11-3125-4361-974F-70B2C9C153DB}.Debug|Any CPU.Build.0 = Debug|Any CPU
		{2282DF11-3125-4361-974F-70B2C9C153DB}.Release|Any CPU.ActiveCfg = Release|Any CPU
		{2282DF11-3125-4361-974F-70B2C9C153DB}.Release|Any CPU.Build.0 = Release|Any CPU
		{4FA680C9-09D2-41F1-92DE-C1EE6FAABDF6}.Debug|Any CPU.ActiveCfg = Debug|Any CPU
		{4FA680C9-09D2-41F1-92DE-C1EE6FAABDF6}.Debug|Any CPU.Build.0 = Debug|Any CPU
		{4FA680C9-09D2-41F1-92DE-C1EE6FAABDF6}.Release|Any CPU.ActiveCfg = Release|Any CPU
		{4FA680C9-09D2-41F1-92DE-C1EE6FAABDF6}.Release|Any CPU.Build.0 = Release|Any CPU
		{FDC06ACA-3423-4EBF-B5FA-036C2DE0EA10}.Debug|Any CPU.ActiveCfg = Debug|Any CPU
		{FDC06ACA-3423-4EBF-B5FA-036C2DE0EA10}.Debug|Any CPU.Build.0 = Debug|Any CPU
		{FDC06ACA-3423-4EBF-B5FA-036C2DE0EA10}.Release|Any CPU.ActiveCfg = Release|Any CPU
		{FDC06ACA-3423-4EBF-B5FA-036C2DE0EA10}.Release|Any CPU.Build.0 = Release|Any CPU
	EndGlobalSection
	GlobalSection(SolutionProperties) = preSolution
		HideSolutionNode = FALSE
	EndGlobalSection
	GlobalSection(NestedProjects) = preSolution
		{2282DF11-3125-4361-974F-70B2C9C153DB} = {ED625A6C-F37C-4BD3-AFE3-0D427406FE80}
		{4FA680C9-09D2-41F1-92DE-C1EE6FAABDF6} = {061CACEA-E247-4C13-99AC-AC2F519087E7}
		{FDC06ACA-3423-4EBF-B5FA-036C2DE0EA10} = {E857FD6D-BCEE-49CB-A25C-6E8F09E2BD34}
	EndGlobalSection
	GlobalSection(ExtensibilityGlobals) = postSolution
		SolutionGuid = {94026CBC-0902-4FC8-9903-C64730E56D00}
	EndGlobalSection
EndGlobal
