
Microsoft Visual Studio Solution File, Format Version 12.00
# Visual Studio Version 16
VisualStudioVersion = 16.0.31327.30
MinimumVisualStudioVersion = 10.0.40219.1
Project("{2150E333-8FDC-42A3-9474-1A3956D46DE8}") = "Tests", "Tests", "{E857FD6D-BCEE-49CB-A25C-6E8F09E2BD34}"
EndProject
Project("{2150E333-8FDC-42A3-9474-1A3956D46DE8}") = "Client", "Client", "{061CACEA-E247-4C13-99AC-AC2F519087E7}"
EndProject
Project("{2150E333-8FDC-42A3-9474-1A3956D46DE8}") = "Library", "Library", "{53F5575E-0AEB-4096-A697-34C3AE8A0892}"
EndProject
Project("{9A19103F-16F7-4668-BE54-9A1E7A4F7556}") = "TrendsCalculator.Library", "TrendCalculator\TrendsCalculator.Library.csproj", "{769B8DA1-0805-48CA-BBAB-0625C195B3EB}"
EndProject
Project("{FAE04EC0-301F-11D3-BF4B-00C04F79EFBC}") = "TrendsCalculator.Sample", "..\TrendsCalculator.Sample\TrendsCalculator.Sample.csproj", "{AD7586C6-AB96-4727-8CDD-CF03E48E0F29}"
EndProject
Project("{FAE04EC0-301F-11D3-BF4B-00C04F79EFBC}") = "TrendsCalculator.Test", "TrendsCalculator.Test\TrendsCalculator.Test\TrendsCalculator.Test.csproj", "{9AE43323-048A-4B73-9B67-AE220976C23F}"
EndProject
Global
	GlobalSection(SolutionConfigurationPlatforms) = preSolution
		Debug|Any CPU = Debug|Any CPU
		Release|Any CPU = Release|Any CPU
	EndGlobalSection
	GlobalSection(ProjectConfigurationPlatforms) = postSolution
		{769B8DA1-0805-48CA-BBAB-0625C195B3EB}.Debug|Any CPU.ActiveCfg = Debug|Any CPU
		{769B8DA1-0805-48CA-BBAB-0625C195B3EB}.Debug|Any CPU.Build.0 = Debug|Any CPU
		{769B8DA1-0805-48CA-BBAB-0625C195B3EB}.Release|Any CPU.ActiveCfg = Release|Any CPU
		{769B8DA1-0805-48CA-BBAB-0625C195B3EB}.Release|Any CPU.Build.0 = Release|Any CPU
		{AD7586C6-AB96-4727-8CDD-CF03E48E0F29}.Debug|Any CPU.ActiveCfg = Debug|Any CPU
		{AD7586C6-AB96-4727-8CDD-CF03E48E0F29}.Debug|Any CPU.Build.0 = Debug|Any CPU
		{AD7586C6-AB96-4727-8CDD-CF03E48E0F29}.Release|Any CPU.ActiveCfg = Release|Any CPU
		{AD7586C6-AB96-4727-8CDD-CF03E48E0F29}.Release|Any CPU.Build.0 = Release|Any CPU
		{9AE43323-048A-4B73-9B67-AE220976C23F}.Debug|Any CPU.ActiveCfg = Debug|Any CPU
		{9AE43323-048A-4B73-9B67-AE220976C23F}.Debug|Any CPU.Build.0 = Debug|Any CPU
		{9AE43323-048A-4B73-9B67-AE220976C23F}.Release|Any CPU.ActiveCfg = Release|Any CPU
		{9AE43323-048A-4B73-9B67-AE220976C23F}.Release|Any CPU.Build.0 = Release|Any CPU
	EndGlobalSection
	GlobalSection(SolutionProperties) = preSolution
		HideSolutionNode = FALSE
	EndGlobalSection
	GlobalSection(NestedProjects) = preSolution
		{769B8DA1-0805-48CA-BBAB-0625C195B3EB} = {53F5575E-0AEB-4096-A697-34C3AE8A0892}
		{AD7586C6-AB96-4727-8CDD-CF03E48E0F29} = {061CACEA-E247-4C13-99AC-AC2F519087E7}
		{9AE43323-048A-4B73-9B67-AE220976C23F} = {E857FD6D-BCEE-49CB-A25C-6E8F09E2BD34}
	EndGlobalSection
	GlobalSection(ExtensibilityGlobals) = postSolution
		SolutionGuid = {94026CBC-0902-4FC8-9903-C64730E56D00}
	EndGlobalSection
EndGlobal
